
Microsoft Visual Studio Solution File, Format Version 12.00
# Visual Studio Version 17
VisualStudioVersion = 17.4.33110.190
MinimumVisualStudioVersion = 10.0.40219.1
Project("{9A19103F-16F7-4668-BE54-9A1E7A4F7556}") = "GoldenGuillaume.BookmarkApi.Web", "src\GoldenGuillaume.BookmarkApi.Web\GoldenGuillaume.BookmarkApi.Web.csproj", "{7A636FC4-CD15-417F-80AF-79E057B4D85B}"
EndProject
Project("{2150E333-8FDC-42A3-9474-1A3956D46DE8}") = "Éléments de solution", "Éléments de solution", "{4677451B-B8DD-497A-9821-E1ADA1F530D5}"
	ProjectSection(SolutionItems) = preProject
		.gitattributes = .gitattributes
		.gitignore = .gitignore
		README.md = README.md
	EndProjectSection
EndProject
Global
	GlobalSection(SolutionConfigurationPlatforms) = preSolution
		Debug|Any CPU = Debug|Any CPU
		Release|Any CPU = Release|Any CPU
	EndGlobalSection
	GlobalSection(ProjectConfigurationPlatforms) = postSolution
		{7A636FC4-CD15-417F-80AF-79E057B4D85B}.Debug|Any CPU.ActiveCfg = Debug|Any CPU
		{7A636FC4-CD15-417F-80AF-79E057B4D85B}.Debug|Any CPU.Build.0 = Debug|Any CPU
		{7A636FC4-CD15-417F-80AF-79E057B4D85B}.Release|Any CPU.ActiveCfg = Release|Any CPU
		{7A636FC4-CD15-417F-80AF-79E057B4D85B}.Release|Any CPU.Build.0 = Release|Any CPU
	EndGlobalSection
	GlobalSection(SolutionProperties) = preSolution
		HideSolutionNode = FALSE
	EndGlobalSection
	GlobalSection(ExtensibilityGlobals) = postSolution
		SolutionGuid = {50ECE94A-15B0-4BEF-AEEB-0E330110959A}
	EndGlobalSection
EndGlobal
